
Microsoft Visual Studio Solution File, Format Version 12.00
# Visual Studio Version 16
VisualStudioVersion = 16.0.30711.63
MinimumVisualStudioVersion = 10.0.40219.1
Project("{FAE04EC0-301F-11D3-BF4B-00C04F79EFBC}") = "CovidSelfReporting", "CovidSelfReporting\CovidSelfReporting.csproj", "{886C1DE0-3528-47C4-B18C-EDA5CC0477B9}"
EndProject
Global
	GlobalSection(SolutionConfigurationPlatforms) = preSolution
		Debug|Any CPU = Debug|Any CPU
		Release|Any CPU = Release|Any CPU
	EndGlobalSection
	GlobalSection(ProjectConfigurationPlatforms) = postSolution
		{886C1DE0-3528-47C4-B18C-EDA5CC0477B9}.Debug|Any CPU.ActiveCfg = Debug|Any CPU
		{886C1DE0-3528-47C4-B18C-EDA5CC0477B9}.Debug|Any CPU.Build.0 = Debug|Any CPU
		{886C1DE0-3528-47C4-B18C-EDA5CC0477B9}.Release|Any CPU.ActiveCfg = Release|Any CPU
		{886C1DE0-3528-47C4-B18C-EDA5CC0477B9}.Release|Any CPU.Build.0 = Release|Any CPU
	EndGlobalSection
	GlobalSection(SolutionProperties) = preSolution
		HideSolutionNode = FALSE
	EndGlobalSection
	GlobalSection(ExtensibilityGlobals) = postSolution
		SolutionGuid = {30791CD1-51E5-4F55-A9F3-D8608DD347C2}
	EndGlobalSection
EndGlobal
